
Microsoft Visual Studio Solution File, Format Version 12.00
# Visual Studio 15
VisualStudioVersion = 15.0.26730.12
MinimumVisualStudioVersion = 10.0.40219.1
Project("{2150E333-8FDC-42A3-9474-1A3956D46DE8}") = "src", "src", "{992DECE7-0FA0-485F-9CCC-F040CB09E93C}"
EndProject
Project("{2150E333-8FDC-42A3-9474-1A3956D46DE8}") = "test", "test", "{9C068101-2238-4584-B0A4-57760D0DD033}"
EndProject
Project("{FAE04EC0-301F-11D3-BF4B-00C04F79EFBC}") = "Aurochses.Mvc", "src\Aurochses.Mvc\Aurochses.Mvc.csproj", "{28698D9D-DF04-4272-BCD2-153321AA9DDD}"
EndProject
Project("{FAE04EC0-301F-11D3-BF4B-00C04F79EFBC}") = "Aurochses.Mvc.Tests", "test\Aurochses.Mvc.Tests\Aurochses.Mvc.Tests.csproj", "{E35457E8-A854-4163-A19F-A4841023B16E}"
EndProject
Global
	GlobalSection(SolutionConfigurationPlatforms) = preSolution
		Debug|Any CPU = Debug|Any CPU
		Release|Any CPU = Release|Any CPU
	EndGlobalSection
	GlobalSection(ProjectConfigurationPlatforms) = postSolution
		{28698D9D-DF04-4272-BCD2-153321AA9DDD}.Debug|Any CPU.ActiveCfg = Debug|Any CPU
		{28698D9D-DF04-4272-BCD2-153321AA9DDD}.Debug|Any CPU.Build.0 = Debug|Any CPU
		{28698D9D-DF04-4272-BCD2-153321AA9DDD}.Release|Any CPU.ActiveCfg = Release|Any CPU
		{28698D9D-DF04-4272-BCD2-153321AA9DDD}.Release|Any CPU.Build.0 = Release|Any CPU
		{E35457E8-A854-4163-A19F-A4841023B16E}.Debug|Any CPU.ActiveCfg = Debug|Any CPU
		{E35457E8-A854-4163-A19F-A4841023B16E}.Debug|Any CPU.Build.0 = Debug|Any CPU
		{E35457E8-A854-4163-A19F-A4841023B16E}.Release|Any CPU.ActiveCfg = Release|Any CPU
		{E35457E8-A854-4163-A19F-A4841023B16E}.Release|Any CPU.Build.0 = Release|Any CPU
	EndGlobalSection
	GlobalSection(SolutionProperties) = preSolution
		HideSolutionNode = FALSE
	EndGlobalSection
	GlobalSection(NestedProjects) = preSolution
		{28698D9D-DF04-4272-BCD2-153321AA9DDD} = {992DECE7-0FA0-485F-9CCC-F040CB09E93C}
		{E35457E8-A854-4163-A19F-A4841023B16E} = {9C068101-2238-4584-B0A4-57760D0DD033}
	EndGlobalSection
	GlobalSection(ExtensibilityGlobals) = postSolution
		SolutionGuid = {E27D61B8-5809-4288-B92C-0B37342D3B24}
	EndGlobalSection
EndGlobal
