
Microsoft Visual Studio Solution File, Format Version 12.00
# Visual Studio 15
VisualStudioVersion = 15.0.28307.106
MinimumVisualStudioVersion = 10.0.40219.1
Project("{2150E333-8FDC-42A3-9474-1A3956D46DE8}") = "src", "src", "{38809DFE-2D8E-4809-9BB9-74820C3F1F40}"
EndProject
Project("{2150E333-8FDC-42A3-9474-1A3956D46DE8}") = "test", "test", "{CF62D716-7197-4D58-9B0E-F8EA5BEA5A0A}"
EndProject
Project("{FAE04EC0-301F-11D3-BF4B-00C04F79EFBC}") = "Aurochses.AspNetCore.Mvc", "src\Aurochses.AspNetCore.Mvc\Aurochses.AspNetCore.Mvc.csproj", "{A8074EC4-649F-45E5-9A10-076B6C896D4D}"
EndProject
Project("{FAE04EC0-301F-11D3-BF4B-00C04F79EFBC}") = "Aurochses.AspNetCore.Mvc.Tests", "test\Aurochses.AspNetCore.Mvc.Tests\Aurochses.AspNetCore.Mvc.Tests.csproj", "{9E840172-D9E5-4AFF-866B-0A19969D36B8}"
EndProject
Global
	GlobalSection(SolutionConfigurationPlatforms) = preSolution
		Debug|Any CPU = Debug|Any CPU
		Release|Any CPU = Release|Any CPU
	EndGlobalSection
	GlobalSection(ProjectConfigurationPlatforms) = postSolution
		{A8074EC4-649F-45E5-9A10-076B6C896D4D}.Debug|Any CPU.ActiveCfg = Debug|Any CPU
		{A8074EC4-649F-45E5-9A10-076B6C896D4D}.Debug|Any CPU.Build.0 = Debug|Any CPU
		{A8074EC4-649F-45E5-9A10-076B6C896D4D}.Release|Any CPU.ActiveCfg = Release|Any CPU
		{A8074EC4-649F-45E5-9A10-076B6C896D4D}.Release|Any CPU.Build.0 = Release|Any CPU
		{9E840172-D9E5-4AFF-866B-0A19969D36B8}.Debug|Any CPU.ActiveCfg = Debug|Any CPU
		{9E840172-D9E5-4AFF-866B-0A19969D36B8}.Debug|Any CPU.Build.0 = Debug|Any CPU
		{9E840172-D9E5-4AFF-866B-0A19969D36B8}.Release|Any CPU.ActiveCfg = Release|Any CPU
		{9E840172-D9E5-4AFF-866B-0A19969D36B8}.Release|Any CPU.Build.0 = Release|Any CPU
	EndGlobalSection
	GlobalSection(SolutionProperties) = preSolution
		HideSolutionNode = FALSE
	EndGlobalSection
	GlobalSection(NestedProjects) = preSolution
		{A8074EC4-649F-45E5-9A10-076B6C896D4D} = {38809DFE-2D8E-4809-9BB9-74820C3F1F40}
		{9E840172-D9E5-4AFF-866B-0A19969D36B8} = {CF62D716-7197-4D58-9B0E-F8EA5BEA5A0A}
	EndGlobalSection
	GlobalSection(ExtensibilityGlobals) = postSolution
		SolutionGuid = {C79B403E-BA44-468F-BC43-81E815F0DB4C}
	EndGlobalSection
EndGlobal
